
Microsoft Visual Studio Solution File, Format Version 12.00
# Visual Studio Version 17
VisualStudioVersion = 17.3.32922.545
MinimumVisualStudioVersion = 10.0.40219.1
Project("{9A19103F-16F7-4668-BE54-9A1E7A4F7556}") = "Shopping.API", "Shopping.API\Shopping.API.csproj", "{15E89ADB-D331-41E8-BD62-3E0B4D3F8602}"
EndProject
Project("{2150E333-8FDC-42A3-9474-1A3956D46DE8}") = "Services", "Services", "{8B14C04F-B64A-44AF-BBBD-EBE43F0E1CD6}"
EndProject
Project("{9A19103F-16F7-4668-BE54-9A1E7A4F7556}") = "Identity", "Services\Identity\Identity.csproj", "{F4D59733-D3A0-44EB-9665-D093C6D9C017}"
EndProject
Project("{2150E333-8FDC-42A3-9474-1A3956D46DE8}") = "APIGateway", "APIGateway", "{6BDE6CBE-1118-4B66-8463-17FAF83828EA}"
EndProject
Project("{FAE04EC0-301F-11D3-BF4B-00C04F79EFBC}") = "Catalog", "Services\Catalog\Catalog.csproj", "{C4FD2264-D021-487B-A501-E0B97BC71AF5}"
EndProject
Project("{FAE04EC0-301F-11D3-BF4B-00C04F79EFBC}") = "APIGateway", "APIGateway\APIGateway\APIGateway.csproj", "{89C2ED28-F165-4BAF-84D5-A3D8EFDCCD3C}"
EndProject
Project("{FAE04EC0-301F-11D3-BF4B-00C04F79EFBC}") = "Rating", "Services\Rating\Rating.csproj", "{5D514929-5127-4A26-B208-250353C0C2F7}"
EndProject
Project("{FAE04EC0-301F-11D3-BF4B-00C04F79EFBC}") = "Cart", "Services\Cart\Cart.csproj", "{ADFB789C-277D-421E-8ABC-64CEDC0785B7}"
EndProject
Project("{FAE04EC0-301F-11D3-BF4B-00C04F79EFBC}") = "Ordering", "Services\Ordering\Ordering.csproj", "{39F33AFF-E0DC-43E2-8237-411CC8BA527B}"
EndProject
Global
	GlobalSection(SolutionConfigurationPlatforms) = preSolution
		Debug|Any CPU = Debug|Any CPU
		Release|Any CPU = Release|Any CPU
	EndGlobalSection
	GlobalSection(ProjectConfigurationPlatforms) = postSolution
		{15E89ADB-D331-41E8-BD62-3E0B4D3F8602}.Debug|Any CPU.ActiveCfg = Debug|Any CPU
		{15E89ADB-D331-41E8-BD62-3E0B4D3F8602}.Debug|Any CPU.Build.0 = Debug|Any CPU
		{15E89ADB-D331-41E8-BD62-3E0B4D3F8602}.Release|Any CPU.ActiveCfg = Release|Any CPU
		{15E89ADB-D331-41E8-BD62-3E0B4D3F8602}.Release|Any CPU.Build.0 = Release|Any CPU
		{F4D59733-D3A0-44EB-9665-D093C6D9C017}.Debug|Any CPU.ActiveCfg = Debug|Any CPU
		{F4D59733-D3A0-44EB-9665-D093C6D9C017}.Debug|Any CPU.Build.0 = Debug|Any CPU
		{F4D59733-D3A0-44EB-9665-D093C6D9C017}.Release|Any CPU.ActiveCfg = Release|Any CPU
		{F4D59733-D3A0-44EB-9665-D093C6D9C017}.Release|Any CPU.Build.0 = Release|Any CPU
		{C4FD2264-D021-487B-A501-E0B97BC71AF5}.Debug|Any CPU.ActiveCfg = Debug|Any CPU
		{C4FD2264-D021-487B-A501-E0B97BC71AF5}.Debug|Any CPU.Build.0 = Debug|Any CPU
		{C4FD2264-D021-487B-A501-E0B97BC71AF5}.Release|Any CPU.ActiveCfg = Release|Any CPU
		{C4FD2264-D021-487B-A501-E0B97BC71AF5}.Release|Any CPU.Build.0 = Release|Any CPU
		{89C2ED28-F165-4BAF-84D5-A3D8EFDCCD3C}.Debug|Any CPU.ActiveCfg = Debug|Any CPU
		{89C2ED28-F165-4BAF-84D5-A3D8EFDCCD3C}.Debug|Any CPU.Build.0 = Debug|Any CPU
		{89C2ED28-F165-4BAF-84D5-A3D8EFDCCD3C}.Release|Any CPU.ActiveCfg = Release|Any CPU
		{89C2ED28-F165-4BAF-84D5-A3D8EFDCCD3C}.Release|Any CPU.Build.0 = Release|Any CPU
		{5D514929-5127-4A26-B208-250353C0C2F7}.Debug|Any CPU.ActiveCfg = Debug|Any CPU
		{5D514929-5127-4A26-B208-250353C0C2F7}.Debug|Any CPU.Build.0 = Debug|Any CPU
		{5D514929-5127-4A26-B208-250353C0C2F7}.Release|Any CPU.ActiveCfg = Release|Any CPU
		{5D514929-5127-4A26-B208-250353C0C2F7}.Release|Any CPU.Build.0 = Release|Any CPU
		{ADFB789C-277D-421E-8ABC-64CEDC0785B7}.Debug|Any CPU.ActiveCfg = Debug|Any CPU
		{ADFB789C-277D-421E-8ABC-64CEDC0785B7}.Debug|Any CPU.Build.0 = Debug|Any CPU
		{ADFB789C-277D-421E-8ABC-64CEDC0785B7}.Release|Any CPU.ActiveCfg = Release|Any CPU
		{ADFB789C-277D-421E-8ABC-64CEDC0785B7}.Release|Any CPU.Build.0 = Release|Any CPU
		{39F33AFF-E0DC-43E2-8237-411CC8BA527B}.Debug|Any CPU.ActiveCfg = Debug|Any CPU
		{39F33AFF-E0DC-43E2-8237-411CC8BA527B}.Debug|Any CPU.Build.0 = Debug|Any CPU
		{39F33AFF-E0DC-43E2-8237-411CC8BA527B}.Release|Any CPU.ActiveCfg = Release|Any CPU
		{39F33AFF-E0DC-43E2-8237-411CC8BA527B}.Release|Any CPU.Build.0 = Release|Any CPU
	EndGlobalSection
	GlobalSection(SolutionProperties) = preSolution
		HideSolutionNode = FALSE
	EndGlobalSection
	GlobalSection(NestedProjects) = preSolution
		{F4D59733-D3A0-44EB-9665-D093C6D9C017} = {8B14C04F-B64A-44AF-BBBD-EBE43F0E1CD6}
		{C4FD2264-D021-487B-A501-E0B97BC71AF5} = {8B14C04F-B64A-44AF-BBBD-EBE43F0E1CD6}
		{89C2ED28-F165-4BAF-84D5-A3D8EFDCCD3C} = {6BDE6CBE-1118-4B66-8463-17FAF83828EA}
		{5D514929-5127-4A26-B208-250353C0C2F7} = {8B14C04F-B64A-44AF-BBBD-EBE43F0E1CD6}
		{ADFB789C-277D-421E-8ABC-64CEDC0785B7} = {8B14C04F-B64A-44AF-BBBD-EBE43F0E1CD6}
		{39F33AFF-E0DC-43E2-8237-411CC8BA527B} = {8B14C04F-B64A-44AF-BBBD-EBE43F0E1CD6}
	EndGlobalSection
	GlobalSection(ExtensibilityGlobals) = postSolution
		SolutionGuid = {421873B5-17E5-4795-8FC7-4D31510DBB77}
	EndGlobalSection
EndGlobal
